
Microsoft Visual Studio Solution File, Format Version 12.00
# Visual Studio Version 17
VisualStudioVersion = 17.2.32505.173
MinimumVisualStudioVersion = 10.0.40219.1
Project("{FAE04EC0-301F-11D3-BF4B-00C04F79EFBC}") = "GlazkiApp", "GlazkiApp\GlazkiApp.csproj", "{15BFEEE9-0AC2-4FD0-9A1B-F0A02A4908A9}"
EndProject
Global
	GlobalSection(SolutionConfigurationPlatforms) = preSolution
		Debug|Any CPU = Debug|Any CPU
		Release|Any CPU = Release|Any CPU
	EndGlobalSection
	GlobalSection(ProjectConfigurationPlatforms) = postSolution
		{15BFEEE9-0AC2-4FD0-9A1B-F0A02A4908A9}.Debug|Any CPU.ActiveCfg = Debug|Any CPU
		{15BFEEE9-0AC2-4FD0-9A1B-F0A02A4908A9}.Debug|Any CPU.Build.0 = Debug|Any CPU
		{15BFEEE9-0AC2-4FD0-9A1B-F0A02A4908A9}.Release|Any CPU.ActiveCfg = Release|Any CPU
		{15BFEEE9-0AC2-4FD0-9A1B-F0A02A4908A9}.Release|Any CPU.Build.0 = Release|Any CPU
	EndGlobalSection
	GlobalSection(SolutionProperties) = preSolution
		HideSolutionNode = FALSE
	EndGlobalSection
	GlobalSection(ExtensibilityGlobals) = postSolution
		SolutionGuid = {EE8C57B7-356D-4C87-80B1-9EA4B432AD27}
	EndGlobalSection
EndGlobal
